PODS:
  - Sourcery (2.1.1):
    - Sourcery/CLI-Only (= 2.1.1)
  - Sourcery/CLI-Only (2.1.1)
  - SwiftyMocky (4.2.0):
    - Sourcery (= 2.1.1)

DEPENDENCIES:
  - SwiftyMocky (from `./`)

SPEC REPOS:
  trunk:
    - Sourcery

EXTERNAL SOURCES:
  SwiftyMocky:
    :path: "./"

SPEC CHECKSUMS:
  Sourcery: 3a6e2e9bd439caeee302e8150dc712d2f8ef45b3
  SwiftyMocky: db991af2907233031264781418780363aaac48a9

PODFILE CHECKSUM: e16661f009920d5a47e094ef286adee4f6979c81

COCOAPODS: 1.13.0
